
Microsoft Visual Studio Solution File, Format Version 12.00
# Visual Studio Version 17
VisualStudioVersion = 17.11.35208.52
MinimumVisualStudioVersion = 10.0.40219.1
Project("{2150E333-8FDC-42A3-9474-1A3956D46DE8}") = "src", "src", "{E546BA78-31EF-4719-A8EF-E453E8251482}"
EndProject
Project("{2150E333-8FDC-42A3-9474-1A3956D46DE8}") = "Building Block", "Building Block", "{783C7D64-BEDB-48FF-A9DC-38A6E8E5FA50}"
EndProject
Project("{2150E333-8FDC-42A3-9474-1A3956D46DE8}") = "Services", "Services", "{3E45CFC5-0DBE-4354-92E8-BDA975F52512}"
EndProject
Project("{2150E333-8FDC-42A3-9474-1A3956D46DE8}") = "Web", "Web", "{1C6EF227-4514-4F53-9D5A-EFB9475ED2FD}"
EndProject
Project("{2150E333-8FDC-42A3-9474-1A3956D46DE8}") = "Identidade", "Identidade", "{88A29B3F-662B-4D1A-B948-A07682919688}"
EndProject
Project("{9A19103F-16F7-4668-BE54-9A1E7A4F7556}") = "SDS.Identitidade.API", "src\services\SDS.Identitidade.API\SDS.Identitidade.API.csproj", "{73167034-EE1C-4B6E-AE4D-A9CDA9C31771}"
EndProject
Project("{2150E333-8FDC-42A3-9474-1A3956D46DE8}") = "MVC", "MVC", "{A302EFBB-03F5-487A-BE75-F365EF289663}"
EndProject
Project("{9A19103F-16F7-4668-BE54-9A1E7A4F7556}") = "SDS.WebApp.MVC", "src\web\SDS.WebApp.MVC\SDS.WebApp.MVC.csproj", "{A82FA3B0-823C-4F5D-8881-4A3112EF2D6F}"
EndProject
Project("{2150E333-8FDC-42A3-9474-1A3956D46DE8}") = "Core", "Core", "{97A9F065-5543-4768-B6ED-1D68AC35084C}"
EndProject
Project("{9A19103F-16F7-4668-BE54-9A1E7A4F7556}") = "SDS.Core", "src\building blocks\SDS.Core\SDS.Core.csproj", "{7045B575-621B-4B38-B346-443C16B2119D}"
EndProject
Project("{2150E333-8FDC-42A3-9474-1A3956D46DE8}") = "Carrinho", "Carrinho", "{7AEFA82D-95A6-488F-A846-341B02EB16E7}"
EndProject
Project("{2150E333-8FDC-42A3-9474-1A3956D46DE8}") = "Catalogo", "Catalogo", "{368A55BF-24F6-4827-AABD-A5F0C1F3659B}"
EndProject
Project("{2150E333-8FDC-42A3-9474-1A3956D46DE8}") = "Cliente", "Cliente", "{FD655303-1FAE-4DF1-BD7C-54BCE1615ABE}"
EndProject
Project("{2150E333-8FDC-42A3-9474-1A3956D46DE8}") = "Pagamento", "Pagamento", "{B5005048-47F7-4163-9634-FCC233370A5A}"
EndProject
Project("{2150E333-8FDC-42A3-9474-1A3956D46DE8}") = "Pedido", "Pedido", "{6117AA3B-78DC-4498-80A4-B6E84EF9A3BE}"
EndProject
Project("{FAE04EC0-301F-11D3-BF4B-00C04F79EFBC}") = "SDS.Carrinho.API", "src\services\SDS.Carrinho.API\SDS.Carrinho.API.csproj", "{E35DD1A3-AAA1-4F79-ABE9-F53D1731C882}"
EndProject
Project("{FAE04EC0-301F-11D3-BF4B-00C04F79EFBC}") = "SDS.Catalogo.API", "src\services\SDS.Catalogo.API\SDS.Catalogo.API.csproj", "{A9268C31-EEFA-4E5B-81AE-C9F6DF9BCBDC}"
EndProject
Project("{FAE04EC0-301F-11D3-BF4B-00C04F79EFBC}") = "SDS.Cliente.API", "src\services\SDS.Cliente.API\SDS.Cliente.API.csproj", "{BB005B8D-D649-4471-BF72-D568AB60A490}"
EndProject
Project("{FAE04EC0-301F-11D3-BF4B-00C04F79EFBC}") = "SDS.Pagamento.API", "src\services\SDS.Pagamento.API\SDS.Pagamento.API.csproj", "{B3045ED8-B780-4A7A-982D-21E38F0BF9B6}"
EndProject
Project("{FAE04EC0-301F-11D3-BF4B-00C04F79EFBC}") = "SDS.Pedido.API", "src\services\SDS.Pedido.API\SDS.Pedido.API.csproj", "{25A9097E-74F1-4871-964B-28A4516FEA0A}"
EndProject
Global
	GlobalSection(SolutionConfigurationPlatforms) = preSolution
		Debug|Any CPU = Debug|Any CPU
		Release|Any CPU = Release|Any CPU
	EndGlobalSection
	GlobalSection(ProjectConfigurationPlatforms) = postSolution
		{73167034-EE1C-4B6E-AE4D-A9CDA9C31771}.Debug|Any CPU.ActiveCfg = Debug|Any CPU
		{73167034-EE1C-4B6E-AE4D-A9CDA9C31771}.Debug|Any CPU.Build.0 = Debug|Any CPU
		{73167034-EE1C-4B6E-AE4D-A9CDA9C31771}.Release|Any CPU.ActiveCfg = Release|Any CPU
		{73167034-EE1C-4B6E-AE4D-A9CDA9C31771}.Release|Any CPU.Build.0 = Release|Any CPU
		{A82FA3B0-823C-4F5D-8881-4A3112EF2D6F}.Debug|Any CPU.ActiveCfg = Debug|Any CPU
		{A82FA3B0-823C-4F5D-8881-4A3112EF2D6F}.Debug|Any CPU.Build.0 = Debug|Any CPU
		{A82FA3B0-823C-4F5D-8881-4A3112EF2D6F}.Release|Any CPU.ActiveCfg = Release|Any CPU
		{A82FA3B0-823C-4F5D-8881-4A3112EF2D6F}.Release|Any CPU.Build.0 = Release|Any CPU
		{7045B575-621B-4B38-B346-443C16B2119D}.Debug|Any CPU.ActiveCfg = Debug|Any CPU
		{7045B575-621B-4B38-B346-443C16B2119D}.Debug|Any CPU.Build.0 = Debug|Any CPU
		{7045B575-621B-4B38-B346-443C16B2119D}.Release|Any CPU.ActiveCfg = Release|Any CPU
		{7045B575-621B-4B38-B346-443C16B2119D}.Release|Any CPU.Build.0 = Release|Any CPU
		{E35DD1A3-AAA1-4F79-ABE9-F53D1731C882}.Debug|Any CPU.ActiveCfg = Debug|Any CPU
		{E35DD1A3-AAA1-4F79-ABE9-F53D1731C882}.Debug|Any CPU.Build.0 = Debug|Any CPU
		{E35DD1A3-AAA1-4F79-ABE9-F53D1731C882}.Release|Any CPU.ActiveCfg = Release|Any CPU
		{E35DD1A3-AAA1-4F79-ABE9-F53D1731C882}.Release|Any CPU.Build.0 = Release|Any CPU
		{A9268C31-EEFA-4E5B-81AE-C9F6DF9BCBDC}.Debug|Any CPU.ActiveCfg = Debug|Any CPU
		{A9268C31-EEFA-4E5B-81AE-C9F6DF9BCBDC}.Debug|Any CPU.Build.0 = Debug|Any CPU
		{A9268C31-EEFA-4E5B-81AE-C9F6DF9BCBDC}.Release|Any CPU.ActiveCfg = Release|Any CPU
		{A9268C31-EEFA-4E5B-81AE-C9F6DF9BCBDC}.Release|Any CPU.Build.0 = Release|Any CPU
		{BB005B8D-D649-4471-BF72-D568AB60A490}.Debug|Any CPU.ActiveCfg = Debug|Any CPU
		{BB005B8D-D649-4471-BF72-D568AB60A490}.Debug|Any CPU.Build.0 = Debug|Any CPU
		{BB005B8D-D649-4471-BF72-D568AB60A490}.Release|Any CPU.ActiveCfg = Release|Any CPU
		{BB005B8D-D649-4471-BF72-D568AB60A490}.Release|Any CPU.Build.0 = Release|Any CPU
		{B3045ED8-B780-4A7A-982D-21E38F0BF9B6}.Debug|Any CPU.ActiveCfg = Debug|Any CPU
		{B3045ED8-B780-4A7A-982D-21E38F0BF9B6}.Debug|Any CPU.Build.0 = Debug|Any CPU
		{B3045ED8-B780-4A7A-982D-21E38F0BF9B6}.Release|Any CPU.ActiveCfg = Release|Any CPU
		{B3045ED8-B780-4A7A-982D-21E38F0BF9B6}.Release|Any CPU.Build.0 = Release|Any CPU
		{25A9097E-74F1-4871-964B-28A4516FEA0A}.Debug|Any CPU.ActiveCfg = Debug|Any CPU
		{25A9097E-74F1-4871-964B-28A4516FEA0A}.Debug|Any CPU.Build.0 = Debug|Any CPU
		{25A9097E-74F1-4871-964B-28A4516FEA0A}.Release|Any CPU.ActiveCfg = Release|Any CPU
		{25A9097E-74F1-4871-964B-28A4516FEA0A}.Release|Any CPU.Build.0 = Release|Any CPU
	EndGlobalSection
	GlobalSection(SolutionProperties) = preSolution
		HideSolutionNode = FALSE
	EndGlobalSection
	GlobalSection(NestedProjects) = preSolution
		{783C7D64-BEDB-48FF-A9DC-38A6E8E5FA50} = {E546BA78-31EF-4719-A8EF-E453E8251482}
		{3E45CFC5-0DBE-4354-92E8-BDA975F52512} = {E546BA78-31EF-4719-A8EF-E453E8251482}
		{1C6EF227-4514-4F53-9D5A-EFB9475ED2FD} = {E546BA78-31EF-4719-A8EF-E453E8251482}
		{88A29B3F-662B-4D1A-B948-A07682919688} = {3E45CFC5-0DBE-4354-92E8-BDA975F52512}
		{73167034-EE1C-4B6E-AE4D-A9CDA9C31771} = {88A29B3F-662B-4D1A-B948-A07682919688}
		{A302EFBB-03F5-487A-BE75-F365EF289663} = {1C6EF227-4514-4F53-9D5A-EFB9475ED2FD}
		{A82FA3B0-823C-4F5D-8881-4A3112EF2D6F} = {A302EFBB-03F5-487A-BE75-F365EF289663}
		{97A9F065-5543-4768-B6ED-1D68AC35084C} = {783C7D64-BEDB-48FF-A9DC-38A6E8E5FA50}
		{7045B575-621B-4B38-B346-443C16B2119D} = {97A9F065-5543-4768-B6ED-1D68AC35084C}
		{7AEFA82D-95A6-488F-A846-341B02EB16E7} = {3E45CFC5-0DBE-4354-92E8-BDA975F52512}
		{368A55BF-24F6-4827-AABD-A5F0C1F3659B} = {3E45CFC5-0DBE-4354-92E8-BDA975F52512}
		{FD655303-1FAE-4DF1-BD7C-54BCE1615ABE} = {3E45CFC5-0DBE-4354-92E8-BDA975F52512}
		{B5005048-47F7-4163-9634-FCC233370A5A} = {3E45CFC5-0DBE-4354-92E8-BDA975F52512}
		{6117AA3B-78DC-4498-80A4-B6E84EF9A3BE} = {3E45CFC5-0DBE-4354-92E8-BDA975F52512}
		{E35DD1A3-AAA1-4F79-ABE9-F53D1731C882} = {7AEFA82D-95A6-488F-A846-341B02EB16E7}
		{A9268C31-EEFA-4E5B-81AE-C9F6DF9BCBDC} = {368A55BF-24F6-4827-AABD-A5F0C1F3659B}
		{BB005B8D-D649-4471-BF72-D568AB60A490} = {FD655303-1FAE-4DF1-BD7C-54BCE1615ABE}
		{B3045ED8-B780-4A7A-982D-21E38F0BF9B6} = {B5005048-47F7-4163-9634-FCC233370A5A}
		{25A9097E-74F1-4871-964B-28A4516FEA0A} = {6117AA3B-78DC-4498-80A4-B6E84EF9A3BE}
	EndGlobalSection
	GlobalSection(ExtensibilityGlobals) = postSolution
		SolutionGuid = {0F8365F5-83B4-47D1-9368-45D855C429D6}
	EndGlobalSection
EndGlobal
